# THIS IS AN AUTOGENERATED FILE. DO NOT EDIT THIS FILE DIRECTLY.
# yarn lockfile v1


argparse@^1.0.7:
  version "1.0.10"
  resolved "https://registry.yarnpkg.com/argparse/-/argparse-1.0.10.tgz#bcd6791ea5ae09725e17e5ad988134cd40b3d911"
  integrity sha512-o5Roy6tNG4SL/FOkCAN6RzjiakZS25RLYFrcMttJqbdd8BWrnA+fGz57iN5Pb06pvBGvl5gQ0B48dJlslXvoTg==
  dependencies:
    sprintf-js "~1.0.2"

call-me-maybe@^1.0.1:
  version "1.0.1"
  resolved "https://registry.yarnpkg.com/call-me-maybe/-/call-me-maybe-1.0.1.tgz#26d208ea89e37b5cbde60250a15f031c16a4d66b"
  integrity sha1-JtII6onje1y95gJQoV8DHBak1ms=

commander@^2.7.1:
  version "2.20.0"
  resolved "https://registry.yarnpkg.com/commander/-/commander-2.20.0.tgz#d58bb2b5c1ee8f87b0d340027e9e94e222c5a422"
  integrity sha512-7j2y+40w61zy6YC2iRNpUe/NwhNyoXrYpHMrSunaMG64nRnaf96zO/KMQR4OyN/UnE5KLyEBnKHd4aG3rskjpQ==

commander@^4.0.1:
  version "4.1.1"
  resolved "https://registry.yarnpkg.com/commander/-/commander-4.1.1.tgz#9fd602bd936294e9e9ef46a3f4d6964044b18068"
  integrity sha512-NOKm8xhkzAjzFx8B2v5OAHT+u5pRQc2UCa2Vq9jYL/31o2wi9mxBA7LIFs3sV5VSC49z6pEhfbMULvShKj26WA==

esprima@^4.0.0:
  version "4.0.1"
  resolved "https://registry.yarnpkg.com/esprima/-/esprima-4.0.1.tgz#13b04cdb3e6c5d19df91ab6987a8695619b0aa71"
  integrity sha512-eGuFFw7Upda+g4p+QHvnW0RyTX/SVeJBDM/gCtMARO0cLuT2HcEKnTPvhjV6aGeqrCB/sbNop0Kszm0jsaWU4A==

fs-extra@^8.0.1:
  version "8.1.0"
  resolved "https://registry.yarnpkg.com/fs-extra/-/fs-extra-8.1.0.tgz#49d43c45a88cd9677668cb7be1b46efdb8d2e1c0"
  integrity sha512-yhlQgA6mnOJUKOsRUFsgJdQCvkKhcz8tlZG5HBQfReYZy46OwLcY+Zia0mtdHsOo9y/hP+CxMN0TU9QxoOtG4g==
  dependencies:
    graceful-fs "^4.2.0"
    jsonfile "^4.0.0"
    universalify "^0.1.0"

graceful-fs@^4.1.6, graceful-fs@^4.2.0:
  version "4.2.0"
  resolved "https://registry.yarnpkg.com/graceful-fs/-/graceful-fs-4.2.0.tgz#8d8fdc73977cb04104721cb53666c1ca64cd328b"
  integrity sha512-jpSvDPV4Cq/bgtpndIWbI5hmYxhQGHPC4d4cqBPb4DLniCfhJokdXhwhaDuLBGLQdvvRum/UiX6ECVIPvDXqdg==

js-yaml@^3.13.1:
  version "3.13.1"
  resolved "https://registry.npmjs.org/js-yaml/-/js-yaml-3.13.1.tgz#aff151b30bfdfa8e49e05da22e7415e9dfa37847"
  integrity sha512-YfbcO7jXDdyj0DGxYVSlSeQNHbD7XPWvrVWeVUujrQEoZzWJIRrCPoyk6kL6IAjAG2IolMK4T0hNUe0HOUs5Jw==
  dependencies:
    argparse "^1.0.7"
    esprima "^4.0.0"

json-schema-ref-parser@^7.1.3:
  version "7.1.3"
  resolved "https://registry.yarnpkg.com/json-schema-ref-parser/-/json-schema-ref-parser-7.1.3.tgz#21468cd180b2f1939ce93fe291f743b441e97d49"
  integrity sha512-/Lmyl0PW27dOmCO03PI339+1gs4Z2PlqIyUgzIOtoRp08zkkMCB30TRbdppbPO7WWzZX0uT98HqkDiZSujkmbA==
  dependencies:
    call-me-maybe "^1.0.1"
    js-yaml "^3.13.1"
    ono "^6.0.0"

jsonfile@^4.0.0:
  version "4.0.0"
  resolved "https://registry.npmjs.org/jsonfile/-/jsonfile-4.0.0.tgz#8771aae0799b64076b76640fca058f9c10e33ecb"
  integrity sha1-h3Gq4HmbZAdrdmQPygWPnBDjPss=
  optionalDependencies:
    graceful-fs "^4.1.6"

lodash.get@^4.4.2:
  version "4.4.2"
  resolved "https://registry.npmjs.org/lodash.get/-/lodash.get-4.4.2.tgz#2d177f652fa31e939b4438d5341499dfa3825e99"
  integrity sha1-LRd/ZS+jHpObRDjVNBSZ36OCXpk=

lodash.isequal@^4.5.0:
  version "4.5.0"
  resolved "https://registry.npmjs.org/lodash.isequal/-/lodash.isequal-4.5.0.tgz#415c4478f2bcc30120c22ce10ed3226f7d3e18e0"
  integrity sha1-QVxEePK8wwEgwizhDtMib30+GOA=

lodash@^4.17.14:
  version "4.17.14"
  resolved "https://registry.npmjs.org/lodash/-/lodash-4.17.14.tgz#9ce487ae66c96254fe20b599f21b6816028078ba"
  integrity sha512-mmKYbW3GLuJeX+iGP+Y7Gp1AiGHGbXHCOh/jZmrawMmsE7MS4znI3RL2FsjbqOyMayHInjOeykW7PEajUk1/xw==

ono@^6.0.0:
  version "6.0.0"
  resolved "https://registry.yarnpkg.com/ono/-/ono-6.0.0.tgz#c0c51b61f6ee56fccd56421620f351de7e8e3200"
  integrity sha512-vhx50giT0dDBLYYXwKU/tuNsT6CwPzGZmd6yypPsXrkq+ujT0lX0q4tvMQ/5jxM6HKntk7p3N51Ts0fD8qL5dA==

openapi-schemas@^1.0.2:
  version "1.0.2"
  resolved "https://registry.yarnpkg.com/openapi-schemas/-/openapi-schemas-1.0.2.tgz#9bd45db9c8a3a32e46eb8a0620c372fc9973c014"
  integrity sha512-54iKgQqgb0m/E+8VdcBTpSLsl3x8PL1GS0Zu43v6E+KSjvBypcjCC+agZC2TDRKDQHUM4WejQT98SxfH4sHHpA==

openapi-types@^1.3.5:
  version "1.3.5"
  resolved "https://registry.npmjs.org/openapi-types/-/openapi-types-1.3.5.tgz#6718cfbc857fe6c6f1471f65b32bdebb9c10ce40"
  integrity sha512-11oi4zYorsgvg5yBarZplAqbpev5HkuVNPlZaPTknPDzAynq+lnJdXAmruGWP0s+dNYZS7bjM+xrTpJw7184Fg==

prettier@^1.17.0:
  version "1.19.1"
  resolved "https://registry.yarnpkg.com/prettier/-/prettier-1.19.1.tgz#f7d7f5ff8a9cd872a7be4ca142095956a60797cb"
  integrity sha512-s7PoyDv/II1ObgQunCbB9PdLmUcBZcnWOcxDh7O0N/UwDEsHyqkW+Qh28jW+mVuCdx7gLB0BotYI1Y6uI9iyew==

sprintf-js@~1.0.2:
  version "1.0.3"
  resolved "https://registry.yarnpkg.com/sprintf-js/-/sprintf-js-1.0.3.tgz#04e6926f662895354f3dd015203633b857297e2c"
  integrity sha1-BOaSb2YolTVPPdAVIDYzuFcpfiw=

swagger-methods@^2.0.1:
  version "2.0.1"
  resolved "https://registry.yarnpkg.com/swagger-methods/-/swagger-methods-2.0.1.tgz#629c3eea41d47782f9309df1647cf6faf9a7185a"
  integrity sha512-+Wb4jXbZA724K1VriN1bFwUxoL0+Nr5vA4GT4Yz5rldxa+tG2aDjt5ONWeE6diviBbLTvncfuD3nQrPPFElYpA==

swagger-parser@^8.0.0:
  version "8.0.4"
  resolved "https://registry.yarnpkg.com/swagger-parser/-/swagger-parser-8.0.4.tgz#ddec68723d13ee3748dd08fd5b7ba579327595da"
  integrity sha512-KGRdAaMJogSEB7sPKI31ptKIWX8lydEDAwWgB4pBMU7zys5cd54XNhoPSVlTxG/A3LphjX47EBn9j0dOGyzWbA==
  dependencies:
    call-me-maybe "^1.0.1"
    json-schema-ref-parser "^7.1.3"
    ono "^6.0.0"
    openapi-schemas "^1.0.2"
    openapi-types "^1.3.5"
    swagger-methods "^2.0.1"
    z-schema "^4.2.2"

universalify@^0.1.0:
  version "0.1.2"
  resolved "https://registry.npmjs.org/universalify/-/universalify-0.1.2.tgz#b646f69be3942dabcecc9d6639c80dc105efaa66"
  integrity sha512-rBJeI5CXAlmy1pV+617WB9J63U6XcazHHF2f2dbJix4XzpUF0RS3Zbj0FGIOCAva5P/d/GBOYaACQ1w+0azUkg==

validator@^11.0.0:
  version "11.1.0"
  resolved "https://registry.yarnpkg.com/validator/-/validator-11.1.0.tgz#ac18cac42e0aa5902b603d7a5d9b7827e2346ac4"
  integrity sha512-qiQ5ktdO7CD6C/5/mYV4jku/7qnqzjrxb3C/Q5wR3vGGinHTgJZN/TdFT3ZX4vXhX2R1PXx42fB1cn5W+uJ4lg==

z-schema@^4.2.2:
  version "4.2.2"
  resolved "https://registry.yarnpkg.com/z-schema/-/z-schema-4.2.2.tgz#43fa2709ae5016885db50e1ce31b254b72c0886c"
  integrity sha512-7bGR7LohxSdlK1EOdvA/OHksvKGE4jTLSjd8dBj9YKT0S43N9pdMZ0Z7GZt9mHrBFhbNTRh3Ky6Eu2MHsPJe8g==
  dependencies:
    lodash.get "^4.4.2"
    lodash.isequal "^4.5.0"
    validator "^11.0.0"
  optionalDependencies:
    commander "^2.7.1"
