# THIS IS AN AUTOGENERATED FILE. DO NOT EDIT THIS FILE DIRECTLY.
# yarn lockfile v1


"@types/lodash@^4.14.123":
  version "4.14.123"
  resolved "https://registry.yarnpkg.com/@types/lodash/-/lodash-4.14.123.tgz#39be5d211478c8dd3bdae98ee75bb7efe4abfe4d"
  integrity sha512-pQvPkc4Nltyx7G1Ww45OjVqUsJP4UsZm+GWJpigXgkikZqJgRm4c48g027o6tdgubWHwFRF15iFd+Y4Pmqv6+Q==

"@types/mustache@^0.8.32":
  version "0.8.32"
  resolved "https://registry.yarnpkg.com/@types/mustache/-/mustache-0.8.32.tgz#7db3b81f2bf450bd38805f596d20eca97c4ed595"
  integrity sha512-RTVWV485OOf4+nO2+feurk0chzHkSjkjALiejpHltyuMf/13fGymbbNNFrSKdSSUg1TIwzszXdWsVirxgqYiFA==

"@types/mz@^0.0.32":
  version "0.0.32"
  resolved "https://registry.yarnpkg.com/@types/mz/-/mz-0.0.32.tgz#e8248b4e41424c052edc1725dd33650c313a3659"
  integrity sha512-cy3yebKhrHuOcrJGkfwNHhpTXQLgmXSv1BX+4p32j+VUQ6aP2eJ5cL7OvGcAQx75fCTFaAIIAKewvqL+iwSd4g==
  dependencies:
    "@types/node" "*"

"@types/node@*", "@types/node@^12.0.0":
  version "12.0.0"
  resolved "https://registry.yarnpkg.com/@types/node/-/node-12.0.0.tgz#d11813b9c0ff8aaca29f04cbc12817f4c7d656e5"
  integrity sha512-Jrb/x3HT4PTJp6a4avhmJCDEVrPdqLfl3e8GGMbpkGGdwAV5UGlIs4vVEfsHHfylZVOKZWpOqmqFH8CbfOZ6kg==

"@types/prettier@^1.16.3":
  version "1.16.3"
  resolved "https://registry.yarnpkg.com/@types/prettier/-/prettier-1.16.3.tgz#141bdf4dcbaac06fd2b3f05e233ff23b66866f9f"
  integrity sha512-5Ksgx9H/Yjz6oamDbmDZstWlJGPTao7shNfambjf8o7OkHxDwAi0AJLQcFwS9pDKI4gQPdiKZXze3nT1eCOViQ==

"@types/swagger-parser@^4.0.3":
  version "4.0.3"
  resolved "https://registry.yarnpkg.com/@types/swagger-parser/-/swagger-parser-4.0.3.tgz#ff88b5999118143fce8ac38594bc9ad2ffacaf38"
  integrity sha512-Jvq/0JXjZ/sbG7S2zb+8r//L17DpH2irKWiwxj67ucK518OC55NKWNfVvah4hYPhfjWr1bltXmBjBI3Y4XwHqw==
  dependencies:
    "@types/swagger-schema-official" "*"

"@types/swagger-schema-official@*":
  version "2.0.15"
  resolved "https://registry.yarnpkg.com/@types/swagger-schema-official/-/swagger-schema-official-2.0.15.tgz#5591141e8e3e2e81a4b49c3a3d2321d1367d4ebc"
  integrity sha512-ZQKcczZbsfVKf+QKViMvjGni1BADoWCjnimkUc3l4zV/d0sM4cj+Hbtg9gjwUaPhi4m3Q8ne62B+fYubUIPqZQ==

any-promise@^1.0.0:
  version "1.3.0"
  resolved "https://registry.yarnpkg.com/any-promise/-/any-promise-1.3.0.tgz#abc6afeedcea52e809cdc0376aed3ce39635d17f"
  integrity sha1-q8av7tzqUugJzcA3au0845Y10X8=

argparse@^1.0.7:
  version "1.0.10"
  resolved "https://registry.yarnpkg.com/argparse/-/argparse-1.0.10.tgz#bcd6791ea5ae09725e17e5ad988134cd40b3d911"
  integrity sha512-o5Roy6tNG4SL/FOkCAN6RzjiakZS25RLYFrcMttJqbdd8BWrnA+fGz57iN5Pb06pvBGvl5gQ0B48dJlslXvoTg==
  dependencies:
    sprintf-js "~1.0.2"

call-me-maybe@^1.0.1:
  version "1.0.1"
  resolved "https://registry.yarnpkg.com/call-me-maybe/-/call-me-maybe-1.0.1.tgz#26d208ea89e37b5cbde60250a15f031c16a4d66b"
  integrity sha1-JtII6onje1y95gJQoV8DHBak1ms=

commander@^2.20.0, commander@^2.7.1:
  version "2.20.0"
  resolved "https://registry.yarnpkg.com/commander/-/commander-2.20.0.tgz#d58bb2b5c1ee8f87b0d340027e9e94e222c5a422"
  integrity sha512-7j2y+40w61zy6YC2iRNpUe/NwhNyoXrYpHMrSunaMG64nRnaf96zO/KMQR4OyN/UnE5KLyEBnKHd4aG3rskjpQ==

core-js@^2.5.7:
  version "2.6.5"
  resolved "https://registry.yarnpkg.com/core-js/-/core-js-2.6.5.tgz#44bc8d249e7fb2ff5d00e0341a7ffb94fbf67895"
  integrity sha512-klh/kDpwX8hryYL14M9w/xei6vrv6sE8gTHDG7/T/+SEovB/G4ejwcfE/CBzO6Edsu+OETZMZ3wcX/EjUkrl5A==

esprima@^4.0.0:
  version "4.0.1"
  resolved "https://registry.yarnpkg.com/esprima/-/esprima-4.0.1.tgz#13b04cdb3e6c5d19df91ab6987a8695619b0aa71"
  integrity sha512-eGuFFw7Upda+g4p+QHvnW0RyTX/SVeJBDM/gCtMARO0cLuT2HcEKnTPvhjV6aGeqrCB/sbNop0Kszm0jsaWU4A==

format-util@^1.0.3:
  version "1.0.3"
  resolved "https://registry.yarnpkg.com/format-util/-/format-util-1.0.3.tgz#032dca4a116262a12c43f4c3ec8566416c5b2d95"
  integrity sha1-Ay3KShFiYqEsQ/TD7IVmQWxbLZU=

js-yaml@^3.12.1:
  version "3.13.1"
  resolved "https://registry.yarnpkg.com/js-yaml/-/js-yaml-3.13.1.tgz#aff151b30bfdfa8e49e05da22e7415e9dfa37847"
  integrity sha512-YfbcO7jXDdyj0DGxYVSlSeQNHbD7XPWvrVWeVUujrQEoZzWJIRrCPoyk6kL6IAjAG2IolMK4T0hNUe0HOUs5Jw==
  dependencies:
    argparse "^1.0.7"
    esprima "^4.0.0"

json-schema-ref-parser@^6.0.3:
  version "6.1.0"
  resolved "https://registry.yarnpkg.com/json-schema-ref-parser/-/json-schema-ref-parser-6.1.0.tgz#30af34aeab5bee0431da805dac0eb21b574bf63d"
  integrity sha512-pXe9H1m6IgIpXmE5JSb8epilNTGsmTb2iPohAXpOdhqGFbQjNeHHsZxU+C8w6T81GZxSPFLeUoqDJmzxx5IGuw==
  dependencies:
    call-me-maybe "^1.0.1"
    js-yaml "^3.12.1"
    ono "^4.0.11"

jsonschema-draft4@^1.0.0:
  version "1.0.0"
  resolved "https://registry.yarnpkg.com/jsonschema-draft4/-/jsonschema-draft4-1.0.0.tgz#f0af2005054f0f0ade7ea2118614b69dc512d865"
  integrity sha1-8K8gBQVPDwrefqIRhhS2ncUS2GU=

jsonschema@1.2.4:
  version "1.2.4"
  resolved "https://registry.yarnpkg.com/jsonschema/-/jsonschema-1.2.4.tgz#a46bac5d3506a254465bc548876e267c6d0d6464"
  integrity sha512-lz1nOH69GbsVHeVgEdvyavc/33oymY1AZwtePMiMj4HZPMbP5OIKK3zT9INMWjwua/V4Z4yq7wSlBbSG+g4AEw==

lodash.get@^4.0.0:
  version "4.4.2"
  resolved "https://registry.yarnpkg.com/lodash.get/-/lodash.get-4.4.2.tgz#2d177f652fa31e939b4438d5341499dfa3825e99"
  integrity sha1-LRd/ZS+jHpObRDjVNBSZ36OCXpk=

lodash.isequal@^4.0.0:
  version "4.5.0"
  resolved "https://registry.yarnpkg.com/lodash.isequal/-/lodash.isequal-4.5.0.tgz#415c4478f2bcc30120c22ce10ed3226f7d3e18e0"
  integrity sha1-QVxEePK8wwEgwizhDtMib30+GOA=

lodash@^4.17.11:
  version "4.17.11"
  resolved "https://registry.yarnpkg.com/lodash/-/lodash-4.17.11.tgz#b39ea6229ef607ecd89e2c8df12536891cac9b8d"
  integrity sha512-cQKh8igo5QUhZ7lg38DYWAxMvjSAKG0A8wGSVimP07SIUEK2UO+arSRKbRZWtelMtN5V0Hkwh5ryOto/SshYIg==

mustache@^3.0.1:
  version "3.0.1"
  resolved "https://registry.yarnpkg.com/mustache/-/mustache-3.0.1.tgz#873855f23aa8a95b150fb96d9836edbc5a1d248a"
  integrity sha512-jFI/4UVRsRYdUbuDTKT7KzfOp7FiD5WzYmmwNwXyUVypC0xjoTL78Fqc0jHUPIvvGD+6DQSPHIt1NE7D1ArsqA==

mz@^2.7.0:
  version "2.7.0"
  resolved "https://registry.yarnpkg.com/mz/-/mz-2.7.0.tgz#95008057a56cafadc2bc63dde7f9ff6955948e32"
  integrity sha512-z81GNO7nnYMEhrGh9LeymoE4+Yr0Wn5McHIZMK5cfQCl+NDX08sCZgUc9/6MHni9IWuFLm1Z3HTCXu2z9fN62Q==
  dependencies:
    any-promise "^1.0.0"
    object-assign "^4.0.1"
    thenify-all "^1.0.0"

object-assign@^4.0.1:
  version "4.1.1"
  resolved "https://registry.yarnpkg.com/object-assign/-/object-assign-4.1.1.tgz#2109adc7965887cfc05cbbd442cac8bfbb360863"
  integrity sha1-IQmtx5ZYh8/AXLvUQsrIv7s2CGM=

ono@^4.0.11:
  version "4.0.11"
  resolved "https://registry.yarnpkg.com/ono/-/ono-4.0.11.tgz#c7f4209b3e396e8a44ef43b9cedc7f5d791d221d"
  integrity sha512-jQ31cORBFE6td25deYeD80wxKBMj+zBmHTrVxnc6CKhx8gho6ipmWM5zj/oeoqioZ99yqBls9Z/9Nss7J26G2g==
  dependencies:
    format-util "^1.0.3"

openapi-schema-validation@^0.4.2:
  version "0.4.2"
  resolved "https://registry.yarnpkg.com/openapi-schema-validation/-/openapi-schema-validation-0.4.2.tgz#895c29021be02e000f71c51f859da52118eb1e21"
  integrity sha512-K8LqLpkUf2S04p2Nphq9L+3bGFh/kJypxIG2NVGKX0ffzT4NQI9HirhiY6Iurfej9lCu7y4Ndm4tv+lm86Ck7w==
  dependencies:
    jsonschema "1.2.4"
    jsonschema-draft4 "^1.0.0"
    swagger-schema-official "2.0.0-bab6bed"

openapi-types@^1.3.4:
  version "1.3.4"
  resolved "https://registry.yarnpkg.com/openapi-types/-/openapi-types-1.3.4.tgz#e8c65be38d3b7d48fa84aa3d488d17505d3e30cd"
  integrity sha512-h8rADpW3k/wepLdERKF0VKMAPdoFYNQCLGPmc/f8sgQ2dxUy+7sY4WAX2XDUDjhKTjbJVbxxofLkzy7f1/tE4g==

prettier@^1.17.0:
  version "1.17.0"
  resolved "https://registry.yarnpkg.com/prettier/-/prettier-1.17.0.tgz#53b303676eed22cc14a9f0cec09b477b3026c008"
  integrity sha512-sXe5lSt2WQlCbydGETgfm1YBShgOX4HxQkFPvbxkcwgDvGDeqVau8h+12+lmSVlP3rHPz0oavfddSZg/q+Szjw==

sprintf-js@~1.0.2:
  version "1.0.3"
  resolved "https://registry.yarnpkg.com/sprintf-js/-/sprintf-js-1.0.3.tgz#04e6926f662895354f3dd015203633b857297e2c"
  integrity sha1-BOaSb2YolTVPPdAVIDYzuFcpfiw=

swagger-methods@^1.0.8:
  version "1.0.8"
  resolved "https://registry.yarnpkg.com/swagger-methods/-/swagger-methods-1.0.8.tgz#8baf37ee861d3c72ff7b2faad6d74c60b336e2ed"
  integrity sha512-G6baCwuHA+C5jf4FNOrosE4XlmGsdjbOjdBK4yuiDDj/ro9uR4Srj3OR84oQMT8F3qKp00tYNv0YN730oTHPZA==

swagger-parser@^6.0.5:
  version "6.0.5"
  resolved "https://registry.yarnpkg.com/swagger-parser/-/swagger-parser-6.0.5.tgz#9475971c7b2c7b0402e1cdee35182fe78b90673b"
  integrity sha512-UL47eu4+GRm5y+N7J+W6QQiqAJn2lojyqgMwS0EZgA55dXd5xmpQCsjUmH/Rf0eKDiG1kULc9VS515PxAyTDVw==
  dependencies:
    call-me-maybe "^1.0.1"
    json-schema-ref-parser "^6.0.3"
    ono "^4.0.11"
    openapi-schema-validation "^0.4.2"
    swagger-methods "^1.0.8"
    swagger-schema-official "2.0.0-bab6bed"
    z-schema "^3.24.2"

swagger-schema-official@2.0.0-bab6bed:
  version "2.0.0-bab6bed"
  resolved "https://registry.yarnpkg.com/swagger-schema-official/-/swagger-schema-official-2.0.0-bab6bed.tgz#70070468d6d2977ca5237b2e519ca7d06a2ea3fd"
  integrity sha1-cAcEaNbSl3ylI3suUZyn0Gouo/0=

thenify-all@^1.0.0:
  version "1.6.0"
  resolved "https://registry.yarnpkg.com/thenify-all/-/thenify-all-1.6.0.tgz#1a1918d402d8fc3f98fbf234db0bcc8cc10e9726"
  integrity sha1-GhkY1ALY/D+Y+/I02wvMjMEOlyY=
  dependencies:
    thenify ">= 3.1.0 < 4"

"thenify@>= 3.1.0 < 4":
  version "3.3.0"
  resolved "https://registry.yarnpkg.com/thenify/-/thenify-3.3.0.tgz#e69e38a1babe969b0108207978b9f62b88604839"
  integrity sha1-5p44obq+lpsBCCB5eLn2K4hgSDk=
  dependencies:
    any-promise "^1.0.0"

typescript@^3.4.5:
  version "3.4.5"
  resolved "https://registry.yarnpkg.com/typescript/-/typescript-3.4.5.tgz#2d2618d10bb566572b8d7aad5180d84257d70a99"
  integrity sha512-YycBxUb49UUhdNMU5aJ7z5Ej2XGmaIBL0x34vZ82fn3hGvD+bgrMrVDpatgz2f7YxUMJxMkbWxJZeAvDxVe7Vw==

validator@^10.0.0:
  version "10.11.0"
  resolved "https://registry.yarnpkg.com/validator/-/validator-10.11.0.tgz#003108ea6e9a9874d31ccc9e5006856ccd76b228"
  integrity sha512-X/p3UZerAIsbBfN/IwahhYaBbY68EN/UQBWHtsbXGT5bfrH/p4NQzUCG1kF/rtKaNpnJ7jAu6NGTdSNtyNIXMw==

z-schema@^3.24.2:
  version "3.25.1"
  resolved "https://registry.yarnpkg.com/z-schema/-/z-schema-3.25.1.tgz#7e14663be2b96003d938a56f644fb8561643fb7e"
  integrity sha512-7tDlwhrBG+oYFdXNOjILSurpfQyuVgkRe3hB2q8TEssamDHB7BbLWYkYO98nTn0FibfdFroFKDjndbgufAgS/Q==
  dependencies:
    core-js "^2.5.7"
    lodash.get "^4.0.0"
    lodash.isequal "^4.0.0"
    validator "^10.0.0"
  optionalDependencies:
    commander "^2.7.1"
